// !$*UTF8*$!
{
	archiveVersion = 1;
	classes = {
	};
	objectVersion = 50;
	objects = {

/* Begin PBXBuildFile section */
		A60264A425A32FA1002DD5D3 /* AboutViewController.swift in Sources */ = {isa = PBXBuildFile; fileRef = A60264A325A32FA1002DD5D3 /* AboutViewController.swift */; };
		A60264A825A344A0002DD5D3 /* Tools.swift in Sources */ = {isa = PBXBuildFile; fileRef = A60264A725A344A0002DD5D3 /* Tools.swift */; };
		A6096BDC2590A41400BCFC83 /* MenuViewController.swift in Sources */ = {isa = PBXBuildFile; fileRef = A6096BDA2590A41400BCFC83 /* MenuViewController.swift */; };
		A67131E2258CC28B00F3AB64 /* Game.swift in Sources */ = {isa = PBXBuildFile; fileRef = A67131E1258CC28B00F3AB64 /* Game.swift */; };
		A677DB57258BED34006EAF4A /* AppDelegate.swift in Sources */ = {isa = PBXBuildFile; fileRef = A677DB56258BED34006EAF4A /* AppDelegate.swift */; };
		A677DB59258BED34006EAF4A /* SceneDelegate.swift in Sources */ = {isa = PBXBuildFile; fileRef = A677DB58258BED34006EAF4A /* SceneDelegate.swift */; };
		A677DB5B258BED34006EAF4A /* ViewController.swift in Sources */ = {isa = PBXBuildFile; fileRef = A677DB5A258BED34006EAF4A /* ViewController.swift */; };
		A677DB5E258BED34006EAF4A /* Main.storyboard in Resources */ = {isa = PBXBuildFile; fileRef = A677DB5C258BED34006EAF4A /* Main.storyboard */; };
		A677DB60258BED35006EAF4A /* Assets.xcassets in Resources */ = {isa = PBXBuildFile; fileRef = A677DB5F258BED35006EAF4A /* Assets.xcassets */; };
		A677DB63258BED35006EAF4A /* LaunchScreen.storyboard in Resources */ = {isa = PBXBuildFile; fileRef = A677DB61258BED35006EAF4A /* LaunchScreen.storyboard */; };
		A6B2EEE7258CD9B50005BB88 /* Player.swift in Sources */ = {isa = PBXBuildFile; fileRef = A6B2EEE6258CD9B50005BB88 /* Player.swift */; };
/* End PBXBuildFile section */

/* Begin PBXFileReference section */
		A60264A325A32FA1002DD5D3 /* AboutViewController.swift */ = {isa = PBXFileReference; lastKnownFileType = sourcecode.swift; path = AboutViewController.swift; sourceTree = "<group>"; };
		A60264A725A344A0002DD5D3 /* Tools.swift */ = {isa = PBXFileReference; lastKnownFileType = sourcecode.swift; path = Tools.swift; sourceTree = "<group>"; };
		A6096BDA2590A41400BCFC83 /* MenuViewController.swift */ = {isa = PBXFileReference; lastKnownFileType = sourcecode.swift; path = MenuViewController.swift; sourceTree = "<group>"; };
		A67131E1258CC28B00F3AB64 /* Game.swift */ = {isa = PBXFileReference; lastKnownFileType = sourcecode.swift; path = Game.swift; sourceTree = "<group>"; };
		A677DB53258BED34006EAF4A /* TicTacToe.app */ = {isa = PBXFileReference; explicitFileType = wrapper.application; includeInIndex = 0; path = TicTacToe.app; sourceTree = BUILT_PRODUCTS_DIR; };
		A677DB56258BED34006EAF4A /* AppDelegate.swift */ = {isa = PBXFileReference; lastKnownFileType = sourcecode.swift; path = AppDelegate.swift; sourceTree = "<group>"; };
		A677DB58258BED34006EAF4A /* SceneDelegate.swift */ = {isa = PBXFileReference; lastKnownFileType = sourcecode.swift; path = SceneDelegate.swift; sourceTree = "<group>"; };
		A677DB5A258BED34006EAF4A /* ViewController.swift */ = {isa = PBXFileReference; lastKnownFileType = sourcecode.swift; path = ViewController.swift; sourceTree = "<group>"; };
		A677DB5D258BED34006EAF4A /* Base */ = {isa = PBXFileReference; lastKnownFileType = file.storyboard; name = Base; path = Base.lproj/Main.storyboard; sourceTree = "<group>"; };
		A677DB5F258BED35006EAF4A /* Assets.xcassets */ = {isa = PBXFileReference; lastKnownFileType = folder.assetcatalog; path = Assets.xcassets; sourceTree = "<group>"; };
		A677DB62258BED35006EAF4A /* Base */ = {isa = PBXFileReference; lastKnownFileType = file.storyboard; name = Base; path = Base.lproj/LaunchScreen.storyboard; sourceTree = "<group>"; };
		A677DB64258BED35006EAF4A /* Info.plist */ = {isa = PBXFileReference; lastKnownFileType = text.plist.xml; path = Info.plist; sourceTree = "<group>"; };
		A6B2EEE6258CD9B50005BB88 /* Player.swift */ = {isa = PBXFileReference; lastKnownFileType = sourcecode.swift; path = Player.swift; sourceTree = "<group>"; };
/* End PBXFileReference section */

/* Begin PBXFrameworksBuildPhase section */
		A677DB50258BED34006EAF4A /* Frameworks */ = {
			isa = PBXFrameworksBuildPhase;
			buildActionMask = 2147483647;
			files = (
			);
			runOnlyForDeploymentPostprocessing = 0;
		};
/* End PBXFrameworksBuildPhase section */

/* Begin PBXGroup section */
		A677DB4A258BED34006EAF4A = {
			isa = PBXGroup;
			children = (
				A677DB55258BED34006EAF4A /* TicTacToe */,
				A677DB54258BED34006EAF4A /* Products */,
			);
			sourceTree = "<group>";
		};
		A677DB54258BED34006EAF4A /* Products */ = {
			isa = PBXGroup;
			children = (
				A677DB53258BED34006EAF4A /* TicTacToe.app */,
			);
			name = Products;
			sourceTree = "<group>";
		};
		A677DB55258BED34006EAF4A /* TicTacToe */ = {
			isa = PBXGroup;
			children = (
				A60264A325A32FA1002DD5D3 /* AboutViewController.swift */,
				A677DB56258BED34006EAF4A /* AppDelegate.swift */,
				A677DB5F258BED35006EAF4A /* Assets.xcassets */,
				A67131E1258CC28B00F3AB64 /* Game.swift */,
				A677DB64258BED35006EAF4A /* Info.plist */,
				A677DB61258BED35006EAF4A /* LaunchScreen.storyboard */,
				A677DB5C258BED34006EAF4A /* Main.storyboard */,
				A6096BDA2590A41400BCFC83 /* MenuViewController.swift */,
				A6B2EEE6258CD9B50005BB88 /* Player.swift */,
				A677DB58258BED34006EAF4A /* SceneDelegate.swift */,
				A677DB5A258BED34006EAF4A /* ViewController.swift */,
				A60264A725A344A0002DD5D3 /* Tools.swift */,
			);
			path = TicTacToe;
			sourceTree = "<group>";
		};
/* End PBXGroup section */

/* Begin PBXNativeTarget section */
		A677DB52258BED34006EAF4A /* TicTacToe */ = {
			isa = PBXNativeTarget;
			buildConfigurationList = A677DB67258BED35006EAF4A /* Build configuration list for PBXNativeTarget "TicTacToe" */;
			buildPhases = (
				A677DB4F258BED34006EAF4A /* Sources */,
				A677DB50258BED34006EAF4A /* Frameworks */,
				A677DB51258BED34006EAF4A /* Resources */,
			);
			buildRules = (
			);
			dependencies = (
			);
			name = TicTacToe;
			productName = TicTacToe;
			productReference = A677DB53258BED34006EAF4A /* TicTacToe.app */;
			productType = "com.apple.product-type.application";
		};
/* End PBXNativeTarget section */

/* Begin PBXProject section */
		A677DB4B258BED34006EAF4A /* Project object */ = {
			isa = PBXProject;
			attributes = {
				LastSwiftUpdateCheck = 1230;
				LastUpgradeCheck = 1230;
				TargetAttributes = {
					A677DB52258BED34006EAF4A = {
						CreatedOnToolsVersion = 12.3;
					};
				};
			};
			buildConfigurationList = A677DB4E258BED34006EAF4A /* Build configuration list for PBXProject "TicTacToe" */;
			compatibilityVersion = "Xcode 9.3";
			developmentRegion = en;
			hasScannedForEncodings = 0;
			knownRegions = (
				en,
				Base,
			);
			mainGroup = A677DB4A258BED34006EAF4A;
			productRefGroup = A677DB54258BED34006EAF4A /* Products */;
			projectDirPath = "";
			projectRoot = "";
			targets = (
				A677DB52258BED34006EAF4A /* TicTacToe */,
			);
		};
/* End PBXProject section */

/* Begin PBXResourcesBuildPhase section */
		A677DB51258BED34006EAF4A /* Resources */ = {
			isa = PBXResourcesBuildPhase;
			buildActionMask = 2147483647;
			files = (
				A677DB63258BED35006EAF4A /* LaunchScreen.storyboard in Resources */,
				A677DB60258BED35006EAF4A /* Assets.xcassets in Resources */,
				A677DB5E258BED34006EAF4A /* Main.storyboard in Resources */,
			);
			runOnlyForDeploymentPostprocessing = 0;
		};
/* End PBXResourcesBuildPhase section */

/* Begin PBXSourcesBuildPhase section */
		A677DB4F258BED34006EAF4A /* Sources */ = {
			isa = PBXSourcesBuildPhase;
			buildActionMask = 2147483647;
			files = (
				A677DB5B258BED34006EAF4A /* ViewController.swift in Sources */,
				A6096BDC2590A41400BCFC83 /* MenuViewController.swift in Sources */,
				A677DB57258BED34006EAF4A /* AppDelegate.swift in Sources */,
				A60264A425A32FA1002DD5D3 /* AboutViewController.swift in Sources */,
				A677DB59258BED34006EAF4A /* SceneDelegate.swift in Sources */,
				A6B2EEE7258CD9B50005BB88 /* Player.swift in Sources */,
				A67131E2258CC28B00F3AB64 /* Game.swift in Sources */,
				A60264A825A344A0002DD5D3 /* Tools.swift in Sources */,
			);
			runOnlyForDeploymentPostprocessing = 0;
		};
/* End PBXSourcesBuildPhase section */

/* Begin PBXVariantGroup section */
		A677DB5C258BED34006EAF4A /* Main.storyboard */ = {
			isa = PBXVariantGroup;
			children = (
				A677DB5D258BED34006EAF4A /* Base */,
			);
			name = Main.storyboard;
			sourceTree = "<group>";
		};
		A677DB61258BED35006EAF4A /* LaunchScreen.storyboard */ = {
			isa = PBXVariantGroup;
			children = (
				A677DB62258BED35006EAF4A /* Base */,
			);
			name = LaunchScreen.storyboard;
			sourceTree = "<group>";
		};
/* End PBXVariantGroup section */

/* Begin XCBuildConfiguration section */
		A677DB65258BED35006EAF4A /* Debug */ = {
			isa = XCBuildConfiguration;
			buildSettings = {
				ALWAYS_SEARCH_USER_PATHS = NO;
				CLANG_ANALYZER_NONNULL = YES;
				CLANG_ANALYZER_NUMBER_OBJECT_CONVERSION = YES_AGGRESSIVE;
				CLANG_CXX_LANGUAGE_STANDARD = "gnu++14";
				CLANG_CXX_LIBRARY = "libc++";
				CLANG_ENABLE_MODULES = YES;
				CLANG_ENABLE_OBJC_ARC = YES;
				CLANG_ENABLE_OBJC_WEAK = YES;
				CLANG_WARN_BLOCK_CAPTURE_AUTORELEASING = YES;
				CLANG_WARN_BOOL_CONVERSION = YES;
				CLANG_WARN_COMMA = YES;
				CLANG_WARN_CONSTANT_CONVERSION = YES;
				CLANG_WARN_DEPRECATED_OBJC_IMPLEMENTATIONS = YES;
				CLANG_WARN_DIRECT_OBJC_ISA_USAGE = YES_ERROR;
				CLANG_WARN_DOCUMENTATION_COMMENTS = YES;
				CLANG_WARN_EMPTY_BODY = YES;
				CLANG_WARN_ENUM_CONVERSION = YES;
				CLANG_WARN_INFINITE_RECURSION = YES;
				CLANG_WARN_INT_CONVERSION = YES;
				CLANG_WARN_NON_LITERAL_NULL_CONVERSION = YES;
				CLANG_WARN_OBJC_IMPLICIT_RETAIN_SELF = YES;
				CLANG_WARN_OBJC_LITERAL_CONVERSION = YES;
				CLANG_WARN_OBJC_ROOT_CLASS = YES_ERROR;
				CLANG_WARN_QUOTED_INCLUDE_IN_FRAMEWORK_HEADER = YES;
				CLANG_WARN_RANGE_LOOP_ANALYSIS = YES;
				CLANG_WARN_STRICT_PROTOTYPES = YES;
				CLANG_WARN_SUSPICIOUS_MOVE = YES;
				CLANG_WARN_UNGUARDED_AVAILABILITY = YES_AGGRESSIVE;
				CLANG_WARN_UNREACHABLE_CODE = YES;
				CLANG_WARN__DUPLICATE_METHOD_MATCH = YES;
				COPY_PHASE_STRIP = NO;
				DEBUG_INFORMATION_FORMAT = dwarf;
				ENABLE_STRICT_OBJC_MSGSEND = YES;
				ENABLE_TESTABILITY = YES;
				GCC_C_LANGUAGE_STANDARD = gnu11;
				GCC_DYNAMIC_NO_PIC = NO;
				GCC_NO_COMMON_BLOCKS = YES;
				GCC_OPTIMIZATION_LEVEL = 0;
				GCC_PREPROCESSOR_DEFINITIONS = (
					"DEBUG=1",
					"$(inherited)",
				);
				GCC_WARN_64_TO_32_BIT_CONVERSION = YES;
				GCC_WARN_ABOUT_RETURN_TYPE = YES_ERROR;
				GCC_WARN_UNDECLARED_SELECTOR = YES;
				GCC_WARN_UNINITIALIZED_AUTOS = YES_AGGRESSIVE;
				GCC_WARN_UNUSED_FUNCTION = YES;
				GCC_WARN_UNUSED_VARIABLE = YES;
				IPHONEOS_DEPLOYMENT_TARGET = 14.3;
				MTL_ENABLE_DEBUG_INFO = INCLUDE_SOURCE;
				MTL_FAST_MATH = YES;
				ONLY_ACTIVE_ARCH = YES;
				SDKROOT = iphoneos;
				SWIFT_ACTIVE_COMPILATION_CONDITIONS = DEBUG;
				SWIFT_OPTIMIZATION_LEVEL = "-Onone";
			};
			name = Debug;
		};
		A677DB66258BED35006EAF4A /* Release */ = {
			isa = XCBuildConfiguration;
			buildSettings = {
				ALWAYS_SEARCH_USER_PATHS = NO;
				CLANG_ANALYZER_NONNULL = YES;
				CLANG_ANALYZER_NUMBER_OBJECT_CONVERSION = YES_AGGRESSIVE;
				CLANG_CXX_LANGUAGE_STANDARD = "gnu++14";
				CLANG_CXX_LIBRARY = "libc++";
				CLANG_ENABLE_MODULES = YES;
				CLANG_ENABLE_OBJC_ARC = YES;
				CLANG_ENABLE_OBJC_WEAK = YES;
				CLANG_WARN_BLOCK_CAPTURE_AUTORELEASING = YES;
				CLANG_WARN_BOOL_CONVERSION = YES;
				CLANG_WARN_COMMA = YES;
				CLANG_WARN_CONSTANT_CONVERSION = YES;
				CLANG_WARN_DEPRECATED_OBJC_IMPLEMENTATIONS = YES;
				CLANG_WARN_DIRECT_OBJC_ISA_USAGE = YES_ERROR;
				CLANG_WARN_DOCUMENTATION_COMMENTS = YES;
				CLANG_WARN_EMPTY_BODY = YES;
				CLANG_WARN_ENUM_CONVERSION = YES;
				CLANG_WARN_INFINITE_RECURSION = YES;
				CLANG_WARN_INT_CONVERSION = YES;
				CLANG_WARN_NON_LITERAL_NULL_CONVERSION = YES;
				CLANG_WARN_OBJC_IMPLICIT_RETAIN_SELF = YES;
				CLANG_WARN_OBJC_LITERAL_CONVERSION = YES;
				CLANG_WARN_OBJC_ROOT_CLASS = YES_ERROR;
				CLANG_WARN_QUOTED_INCLUDE_IN_FRAMEWORK_HEADER = YES;
				CLANG_WARN_RANGE_LOOP_ANALYSIS = YES;
				CLANG_WARN_STRICT_PROTOTYPES = YES;
				CLANG_WARN_SUSPICIOUS_MOVE = YES;
				CLANG_WARN_UNGUARDED_AVAILABILITY = YES_AGGRESSIVE;
				CLANG_WARN_UNREACHABLE_CODE = YES;
				CLANG_WARN__DUPLICATE_METHOD_MATCH = YES;
				COPY_PHASE_STRIP = NO;
				DEBUG_INFORMATION_FORMAT = "dwarf-with-dsym";
				ENABLE_NS_ASSERTIONS = NO;
				ENABLE_STRICT_OBJC_MSGSEND = YES;
				GCC_C_LANGUAGE_STANDARD = gnu11;
				GCC_NO_COMMON_BLOCKS = YES;
				GCC_WARN_64_TO_32_BIT_CONVERSION = YES;
				GCC_WARN_ABOUT_RETURN_TYPE = YES_ERROR;
				GCC_WARN_UNDECLARED_SELECTOR = YES;
				GCC_WARN_UNINITIALIZED_AUTOS = YES_AGGRESSIVE;
				GCC_WARN_UNUSED_FUNCTION = YES;
				GCC_WARN_UNUSED_VARIABLE = YES;
				IPHONEOS_DEPLOYMENT_TARGET = 14.3;
				MTL_ENABLE_DEBUG_INFO = NO;
				MTL_FAST_MATH = YES;
				SDKROOT = iphoneos;
				SWIFT_COMPILATION_MODE = wholemodule;
				SWIFT_OPTIMIZATION_LEVEL = "-O";
				VALIDATE_PRODUCT = YES;
			};
			name = Release;
		};
		A677DB68258BED35006EAF4A /* Debug */ = {
			isa = XCBuildConfiguration;
			buildSettings = {
				ASSETCATALOG_COMPILER_APPICON_NAME = AppIcon;
				ASSETCATALOG_COMPILER_GLOBAL_ACCENT_COLOR_NAME = AccentColor;
				CODE_SIGN_STYLE = Automatic;
				INFOPLIST_FILE = TicTacToe/Info.plist;
				LD_RUNPATH_SEARCH_PATHS = (
					"$(inherited)",
					"@executable_path/Frameworks",
				);
				PRODUCT_BUNDLE_IDENTIFIER = com.walmin.ios.TicTacToe;
				PRODUCT_NAME = "$(TARGET_NAME)";
				SWIFT_VERSION = 5.0;
				TARGETED_DEVICE_FAMILY = "1,2";
			};
			name = Debug;
		};
		A677DB69258BED35006EAF4A /* Release */ = {
			isa = XCBuildConfiguration;
			buildSettings = {
				ASSETCATALOG_COMPILER_APPICON_NAME = AppIcon;
				ASSETCATALOG_COMPILER_GLOBAL_ACCENT_COLOR_NAME = AccentColor;
				CODE_SIGN_STYLE = Automatic;
				INFOPLIST_FILE = TicTacToe/Info.plist;
				LD_RUNPATH_SEARCH_PATHS = (
					"$(inherited)",
					"@executable_path/Frameworks",
				);
				PRODUCT_BUNDLE_IDENTIFIER = com.walmin.ios.TicTacToe;
				PRODUCT_NAME = "$(TARGET_NAME)";
				SWIFT_VERSION = 5.0;
				TARGETED_DEVICE_FAMILY = "1,2";
			};
			name = Release;
		};
/* End XCBuildConfiguration section */

/* Begin XCConfigurationList section */
		A677DB4E258BED34006EAF4A /* Build configuration list for PBXProject "TicTacToe" */ = {
			isa = XCConfigurationList;
			buildConfigurations = (
				A677DB65258BED35006EAF4A /* Debug */,
				A677DB66258BED35006EAF4A /* Release */,
			);
			defaultConfigurationIsVisible = 0;
			defaultConfigurationName = Release;
		};
		A677DB67258BED35006EAF4A /* Build configuration list for PBXNativeTarget "TicTacToe" */ = {
			isa = XCConfigurationList;
			buildConfigurations = (
				A677DB68258BED35006EAF4A /* Debug */,
				A677DB69258BED35006EAF4A /* Release */,
			);
			defaultConfigurationIsVisible = 0;
			defaultConfigurationName = Release;
		};
/* End XCConfigurationList section */
	};
	rootObject = A677DB4B258BED34006EAF4A /* Project object */;
}
